{
  "lockfileVersion": 1,
  "configVersion": 1,
  "workspaces": {
    "": {
      "name": "backend-atlas",
      "dependencies": {
        "tree-sitter-rust": "^0.24.0",
        "typescript": "~5.6.2",
        "web-tree-sitter": "^0.27.0",
      },
    },
  },
  "packages": {
    "node-addon-api": ["node-addon-api@8.9.2", "", {}, "sha512-VijLXbi3UACN69I0JVXJsX4tjACjNoQDgv2gTF6sx2wWEi8tkSg2eX8p5gSIFi8z2+DL3oHmY6OyKce38SDolg=="],

    "node-gyp-build": ["node-gyp-build@4.8.4", "", { "bin": { "node-gyp-build": "bin.js", "node-gyp-build-optional": "optional.js", "node-gyp-build-test": "build-test.js" } }, "sha512-LA4ZjwlnUblHVgq0oBF3Jl/6h/Nvs5fzBLwdEF4nuxnFdsfajde4WfxtJr3CaiH+F6ewcIB/q4jQ4UzPyid+CQ=="],

    "tree-sitter-rust": ["tree-sitter-rust@0.24.0", "", { "dependencies": { "node-addon-api": "^8.2.2", "node-gyp-build": "^4.8.4" }, "peerDependencies": { "tree-sitter": "^0.22.1" }, "optionalPeers": ["tree-sitter"] }, "sha512-NWemUDf629Tfc90Y0Z55zuwPCAHkLxWnMf2RznYu4iBkkrQl2o/CHGB7Cr52TyN5F1DAx8FmUnDtCy9iUkXZEQ=="],

    "typescript": ["typescript@5.6.3", "", { "bin": { "tsc": "bin/tsc", "tsserver": "bin/tsserver" } }, "sha512-hjcS1mhfuyi4WW8IWtjP7brDrG2cuDZukyrYrSauoXGNgx0S7zceP07adYkJycEr56BOUTNPzbInooiN3fn1qw=="],

    "web-tree-sitter": ["web-tree-sitter@0.27.0", "", {}, "sha512-XK08gj6RwTMQatAG7uVRP8MunqotL/XC19vHgkSPKmELgbGPBj4ECvB8haHOUnyj6ls2B8t42UTro14zxGgAHg=="],
  }
}
